
Microsoft Visual Studio Solution File, Format Version 12.00
# Visual Studio Version 16
VisualStudioVersion = 25.0.1703.8
MinimumVisualStudioVersion = 10.0.40219.1
Project("{FAE04EC0-301F-11D3-BF4B-00C04F79EFBC}") = "MyDotnetApp.Web", "MyDotnetApp.Web\MyDotnetApp.Web.csproj", "{302E7EED-A629-4164-A045-F7244D5C3642}"
EndProject
Global
	GlobalSection(SolutionConfigurationPlatforms) = preSolution
		Debug|Any CPU = Debug|Any CPU
		Release|Any CPU = Release|Any CPU
	EndGlobalSection
	GlobalSection(ProjectConfigurationPlatforms) = postSolution
		{302E7EED-A629-4164-A045-F7244D5C3642}.Debug|Any CPU.ActiveCfg = Debug|Any CPU
		{302E7EED-A629-4164-A045-F7244D5C3642}.Debug|Any CPU.Build.0 = Debug|Any CPU
		{302E7EED-A629-4164-A045-F7244D5C3642}.Release|Any CPU.ActiveCfg = Release|Any CPU
		{302E7EED-A629-4164-A045-F7244D5C3642}.Release|Any CPU.Build.0 = Release|Any CPU
	EndGlobalSection
	GlobalSection(SolutionProperties) = preSolution
		HideSolutionNode = FALSE
	EndGlobalSection
	GlobalSection(ExtensibilityGlobals) = postSolution
		SolutionGuid = {C9F4CA10-1B8B-47C5-B249-021B4D843F19}
	EndGlobalSection
EndGlobal
